
Microsoft Visual Studio Solution File, Format Version 12.00
# Visual Studio 15
VisualStudioVersion = 15.0.28307.136
MinimumVisualStudioVersion = 10.0.40219.1
Project("{FAE04EC0-301F-11D3-BF4B-00C04F79EFBC}") = "VKR", "VKR\VKR.csproj", "{1123B14D-B059-4674-8DD6-407D8C6C4244}"
EndProject
Global
	GlobalSection(SolutionConfigurationPlatforms) = preSolution
		Debug|Any CPU = Debug|Any CPU
		Release|Any CPU = Release|Any CPU
	EndGlobalSection
	GlobalSection(ProjectConfigurationPlatforms) = postSolution
		{1123B14D-B059-4674-8DD6-407D8C6C4244}.Debug|Any CPU.ActiveCfg = Debug|Any CPU
		{1123B14D-B059-4674-8DD6-407D8C6C4244}.Debug|Any CPU.Build.0 = Debug|Any CPU
		{1123B14D-B059-4674-8DD6-407D8C6C4244}.Release|Any CPU.ActiveCfg = Release|Any CPU
		{1123B14D-B059-4674-8DD6-407D8C6C4244}.Release|Any CPU.Build.0 = Release|Any CPU
	EndGlobalSection
	GlobalSection(SolutionProperties) = preSolution
		HideSolutionNode = FALSE
	EndGlobalSection
	GlobalSection(ExtensibilityGlobals) = postSolution
		SolutionGuid = {6594C8CA-47A6-47B1-80C3-894ADFDA317B}
	EndGlobalSection
EndGlobal
